
Microsoft Visual Studio Solution File, Format Version 11.00
# Visual Studio 2010
Project("{FAE04EC0-301F-11D3-BF4B-00C04F79EFBC}") = "FluentValidation.Silverlight", "src\FluentValidation.Silverlight\FluentValidation.Silverlight.csproj", "{E04D7BBD-BB35-4A93-8927-5F19B8B5603F}"
EndProject
Project("{FAE04EC0-301F-11D3-BF4B-00C04F79EFBC}") = "FluentValidation.WP7", "src\FluentValidation.WP7\FluentValidation.WP7.csproj", "{F1F2DB04-2FFE-48CB-AE58-52039D9ED7E3}"
EndProject
Global
	GlobalSection(SolutionConfigurationPlatforms) = preSolution
		Debug|Any CPU = Debug|Any CPU
		Release|Any CPU = Release|Any CPU
	EndGlobalSection
	GlobalSection(ProjectConfigurationPlatforms) = postSolution
		{E04D7BBD-BB35-4A93-8927-5F19B8B5603F}.Debug|Any CPU.ActiveCfg = Debug|Any CPU
		{E04D7BBD-BB35-4A93-8927-5F19B8B5603F}.Debug|Any CPU.Build.0 = Debug|Any CPU
		{E04D7BBD-BB35-4A93-8927-5F19B8B5603F}.Release|Any CPU.ActiveCfg = Release|Any CPU
		{E04D7BBD-BB35-4A93-8927-5F19B8B5603F}.Release|Any CPU.Build.0 = Release|Any CPU
		{F1F2DB04-2FFE-48CB-AE58-52039D9ED7E3}.Debug|Any CPU.ActiveCfg = Debug|Any CPU
		{F1F2DB04-2FFE-48CB-AE58-52039D9ED7E3}.Debug|Any CPU.Build.0 = Debug|Any CPU
		{F1F2DB04-2FFE-48CB-AE58-52039D9ED7E3}.Release|Any CPU.ActiveCfg = Release|Any CPU
		{F1F2DB04-2FFE-48CB-AE58-52039D9ED7E3}.Release|Any CPU.Build.0 = Release|Any CPU
	EndGlobalSection
	GlobalSection(SolutionProperties) = preSolution
		HideSolutionNode = FALSE
	EndGlobalSection
EndGlobal
