
Microsoft Visual Studio Solution File, Format Version 12.00
# Visual Studio 14
VisualStudioVersion = 14.0.22310.1
MinimumVisualStudioVersion = 10.0.40219.1
Project("{2150E333-8FDC-42A3-9474-1A3956D46DE8}") = "Solution Items", "Solution Items", "{3906F280-A567-4AD7-A0EF-7253E95E7852}"
	ProjectSection(SolutionItems) = preProject
		Changelog.txt = Changelog.txt
		FluentValidation.snk = FluentValidation.snk
	EndProjectSection
EndProject
Project("{FAE04EC0-301F-11D3-BF4B-00C04F79EFBC}") = "FluentValidation", "src\FluentValidation\FluentValidation.csproj", "{DAE0249B-4F69-4AC9-9A17-AA23E0795316}"
EndProject
Project("{FAE04EC0-301F-11D3-BF4B-00C04F79EFBC}") = "FluentValidation.Tests", "src\FluentValidation.Tests\FluentValidation.Tests.csproj", "{E353A6E3-5404-4E1E-B33D-4C7BAE646752}"
EndProject
Project("{FAE04EC0-301F-11D3-BF4B-00C04F79EFBC}") = "FluentValidation.Portable", "src\FluentValidation.Portable\FluentValidation.Portable.csproj", "{C16154BE-8EB7-4CBF-976C-24CCD8BA3B51}"
EndProject
Project("{2150E333-8FDC-42A3-9474-1A3956D46DE8}") = ".nuget", ".nuget", "{2AE2DFF6-ACA8-4970-ABE2-403563F8EA03}"
	ProjectSection(SolutionItems) = preProject
		.nuget\NuGet.Config = .nuget\NuGet.Config
		.nuget\NuGet.exe = .nuget\NuGet.exe
		.nuget\NuGet.targets = .nuget\NuGet.targets
	EndProjectSection
EndProject
Project("{2150E333-8FDC-42A3-9474-1A3956D46DE8}") = ".build", ".build", "{0216F6B1-740F-49D6-87CC-40726E29C7BA}"
	ProjectSection(SolutionItems) = preProject
		.build\build.proj = .build\build.proj
		.build\Deployment.proj = .build\Deployment.proj
		.build\FluentValidation.MVC3-Signed.nuspec = .build\FluentValidation.MVC3-Signed.nuspec
		.build\FluentValidation.MVC3.nuspec = .build\FluentValidation.MVC3.nuspec
		.build\FluentValidation.MVC4-Signed.nuspec = .build\FluentValidation.MVC4-Signed.nuspec
		.build\FluentValidation.MVC4.nuspec = .build\FluentValidation.MVC4.nuspec
		.build\FluentValidation.MVC5-Signed.nuspec = .build\FluentValidation.MVC5-Signed.nuspec
		.build\FluentValidation.MVC5.nuspec = .build\FluentValidation.MVC5.nuspec
		.build\FluentValidation.nuspec = .build\FluentValidation.nuspec
		.build\FluentValidation.WebApi-Signed.nuspec = .build\FluentValidation.WebApi-Signed.nuspec
		.build\FluentValidation.WebApi.nuspec = .build\FluentValidation.WebApi.nuspec
		.build\MSBuild.Community.Tasks.dll = .build\MSBuild.Community.Tasks.dll
		.build\MSBuild.Community.Tasks.targets = .build\MSBuild.Community.Tasks.targets
	EndProjectSection
EndProject
Project("{FAE04EC0-301F-11D3-BF4B-00C04F79EFBC}") = "FluentValidation.Mvc5", "src\FluentValidation.Mvc5\FluentValidation.Mvc5.csproj", "{23E384EF-5A39-4D73-A8D5-EF48C71C128F}"
EndProject
Project("{FAE04EC0-301F-11D3-BF4B-00C04F79EFBC}") = "FluentValidation.Tests.Mvc5", "src\FluentValidation.Tests.Mvc5\FluentValidation.Tests.Mvc5.csproj", "{8FF90023-30A2-410D-A735-498878BDA168}"
EndProject
Project("{FAE04EC0-301F-11D3-BF4B-00C04F79EFBC}") = "FluentValidation.WebApi", "src\FluentValidation.WebApi\FluentValidation.WebApi.csproj", "{3D0D39A1-DCD0-4B41-BD2C-AABB5E7C7126}"
EndProject
Project("{FAE04EC0-301F-11D3-BF4B-00C04F79EFBC}") = "FluentValidation.Tests.WebApi", "src\FluentValidation.Tests.WebApi\FluentValidation.Tests.WebApi.csproj", "{5BA9F9F4-E12A-4A2E-B05C-FABAA6CAD1D1}"
EndProject
Project("{FAE04EC0-301F-11D3-BF4B-00C04F79EFBC}") = "FluentValidation.Portable40", "src\FluentValidation.Portable40\FluentValidation.Portable40.csproj", "{4496CA2C-E818-4758-84DA-EAF9BFE48ADB}"
EndProject
Project("{8BB2217D-0F2D-49D1-97BC-3654ED321F3B}") = "FluentValidation.K", "src\FluentValidation.K\FluentValidation.K.kproj", "{33895E3B-410F-4465-A1C4-8FABB6C0AA2A}"
EndProject
Project("{8BB2217D-0F2D-49D1-97BC-3654ED321F3B}") = "FluentValidation.Mvc6", "src\FluentValidation.Mvc6\FluentValidation.Mvc6.kproj", "{C786D1E0-4F5C-44BC-B2D7-6D7A430E759B}"
EndProject
Global
	GlobalSection(SolutionConfigurationPlatforms) = preSolution
		Debug|Any CPU = Debug|Any CPU
		Release|Any CPU = Release|Any CPU
	EndGlobalSection
	GlobalSection(ProjectConfigurationPlatforms) = postSolution
		{DAE0249B-4F69-4AC9-9A17-AA23E0795316}.Debug|Any CPU.ActiveCfg = Debug|Any CPU
		{DAE0249B-4F69-4AC9-9A17-AA23E0795316}.Debug|Any CPU.Build.0 = Debug|Any CPU
		{DAE0249B-4F69-4AC9-9A17-AA23E0795316}.Release|Any CPU.ActiveCfg = Release|Any CPU
		{DAE0249B-4F69-4AC9-9A17-AA23E0795316}.Release|Any CPU.Build.0 = Release|Any CPU
		{E353A6E3-5404-4E1E-B33D-4C7BAE646752}.Debug|Any CPU.ActiveCfg = Debug|Any CPU
		{E353A6E3-5404-4E1E-B33D-4C7BAE646752}.Debug|Any CPU.Build.0 = Debug|Any CPU
		{E353A6E3-5404-4E1E-B33D-4C7BAE646752}.Release|Any CPU.ActiveCfg = Release|Any CPU
		{E353A6E3-5404-4E1E-B33D-4C7BAE646752}.Release|Any CPU.Build.0 = Release|Any CPU
		{C16154BE-8EB7-4CBF-976C-24CCD8BA3B51}.Debug|Any CPU.ActiveCfg = Debug|Any CPU
		{C16154BE-8EB7-4CBF-976C-24CCD8BA3B51}.Debug|Any CPU.Build.0 = Debug|Any CPU
		{C16154BE-8EB7-4CBF-976C-24CCD8BA3B51}.Release|Any CPU.ActiveCfg = Release|Any CPU
		{C16154BE-8EB7-4CBF-976C-24CCD8BA3B51}.Release|Any CPU.Build.0 = Release|Any CPU
		{23E384EF-5A39-4D73-A8D5-EF48C71C128F}.Debug|Any CPU.ActiveCfg = Debug|Any CPU
		{23E384EF-5A39-4D73-A8D5-EF48C71C128F}.Debug|Any CPU.Build.0 = Debug|Any CPU
		{23E384EF-5A39-4D73-A8D5-EF48C71C128F}.Release|Any CPU.ActiveCfg = Release|Any CPU
		{23E384EF-5A39-4D73-A8D5-EF48C71C128F}.Release|Any CPU.Build.0 = Release|Any CPU
		{8FF90023-30A2-410D-A735-498878BDA168}.Debug|Any CPU.ActiveCfg = Debug|Any CPU
		{8FF90023-30A2-410D-A735-498878BDA168}.Debug|Any CPU.Build.0 = Debug|Any CPU
		{8FF90023-30A2-410D-A735-498878BDA168}.Release|Any CPU.ActiveCfg = Release|Any CPU
		{8FF90023-30A2-410D-A735-498878BDA168}.Release|Any CPU.Build.0 = Release|Any CPU
		{3D0D39A1-DCD0-4B41-BD2C-AABB5E7C7126}.Debug|Any CPU.ActiveCfg = Debug|Any CPU
		{3D0D39A1-DCD0-4B41-BD2C-AABB5E7C7126}.Debug|Any CPU.Build.0 = Debug|Any CPU
		{3D0D39A1-DCD0-4B41-BD2C-AABB5E7C7126}.Release|Any CPU.ActiveCfg = Release|Any CPU
		{3D0D39A1-DCD0-4B41-BD2C-AABB5E7C7126}.Release|Any CPU.Build.0 = Release|Any CPU
		{5BA9F9F4-E12A-4A2E-B05C-FABAA6CAD1D1}.Debug|Any CPU.ActiveCfg = Debug|Any CPU
		{5BA9F9F4-E12A-4A2E-B05C-FABAA6CAD1D1}.Debug|Any CPU.Build.0 = Debug|Any CPU
		{5BA9F9F4-E12A-4A2E-B05C-FABAA6CAD1D1}.Release|Any CPU.ActiveCfg = Release|Any CPU
		{5BA9F9F4-E12A-4A2E-B05C-FABAA6CAD1D1}.Release|Any CPU.Build.0 = Release|Any CPU
		{4496CA2C-E818-4758-84DA-EAF9BFE48ADB}.Debug|Any CPU.ActiveCfg = Debug|Any CPU
		{4496CA2C-E818-4758-84DA-EAF9BFE48ADB}.Debug|Any CPU.Build.0 = Debug|Any CPU
		{4496CA2C-E818-4758-84DA-EAF9BFE48ADB}.Release|Any CPU.ActiveCfg = Release|Any CPU
		{4496CA2C-E818-4758-84DA-EAF9BFE48ADB}.Release|Any CPU.Build.0 = Release|Any CPU
		{33895E3B-410F-4465-A1C4-8FABB6C0AA2A}.Debug|Any CPU.ActiveCfg = Debug|Any CPU
		{33895E3B-410F-4465-A1C4-8FABB6C0AA2A}.Debug|Any CPU.Build.0 = Debug|Any CPU
		{33895E3B-410F-4465-A1C4-8FABB6C0AA2A}.Release|Any CPU.ActiveCfg = Release|Any CPU
		{33895E3B-410F-4465-A1C4-8FABB6C0AA2A}.Release|Any CPU.Build.0 = Release|Any CPU
		{C786D1E0-4F5C-44BC-B2D7-6D7A430E759B}.Debug|Any CPU.ActiveCfg = Debug|Any CPU
		{C786D1E0-4F5C-44BC-B2D7-6D7A430E759B}.Debug|Any CPU.Build.0 = Debug|Any CPU
		{C786D1E0-4F5C-44BC-B2D7-6D7A430E759B}.Release|Any CPU.ActiveCfg = Release|Any CPU
		{C786D1E0-4F5C-44BC-B2D7-6D7A430E759B}.Release|Any CPU.Build.0 = Release|Any CPU
	EndGlobalSection
	GlobalSection(SolutionProperties) = preSolution
		HideSolutionNode = FALSE
	EndGlobalSection
EndGlobal
